<?xml version="1.0"?>
<plist version="1.0">
	<dict>
		<key>archiveVersion</key>
		<string>1</string>
		<key>classes</key>
		<dict />
		<key>objectVersion</key>
		<string>46</string>
		<key>objects</key>
		<dict>
			<key>560BF41B37A404F2E9146330</key>
			<dict>
				<key>fileRef</key>
				<string>B979569391DA3C473A5265B5</string>
				<key>isa</key>
				<string>PBXBuildFile</string>
			</dict>
			<key>B979569391DA3C473A5265B5</key>
			<dict>
				<key>explicitFileType</key>
				<string>sourcecode.cpp.cpp</string>
				<key>fileEncoding</key>
				<string>30</string>
				<key>isa</key>
				<string>PBXFileReference</string>
				<key>name</key>
				<string>tinyxmlparser.cpp</string>
				<key>path</key>
				<string>../../../../of_v0.9.8_osx_release/addons/ofxXmlSettings/libs/tinyxmlparser.cpp</string>
				<key>sourceTree</key>
				<string>SOURCE_ROOT</string>
			</dict>
			<key>25653A1486D215120E921428</key>
			<dict>
				<key>fileRef</key>
				<string>B152C95CA4EF85248E595F56</string>
				<key>isa</key>
				<string>PBXBuildFile</string>
			</dict>
			<key>B152C95CA4EF85248E595F56</key>
			<dict>
				<key>explicitFileType</key>
				<string>sourcecode.cpp.cpp</string>
				<key>fileEncoding</key>
				<string>30</string>
				<key>isa</key>
				<string>PBXFileReference</string>
				<key>name</key>
				<string>tinyxmlerror.cpp</string>
				<key>path</key>
				<string>../../../../of_v0.9.8_osx_release/addons/ofxXmlSettings/libs/tinyxmlerror.cpp</string>
				<key>sourceTree</key>
				<string>SOURCE_ROOT</string>
			</dict>
			<key>25A339C87C0864349D3CA7C3</key>
			<dict>
				<key>explicitFileType</key>
				<string>sourcecode.c.h</string>
				<key>fileEncoding</key>
				<string>30</string>
				<key>isa</key>
				<string>PBXFileReference</string>
				<key>name</key>
				<string>tinyxml.h</string>
				<key>path</key>
				<string>../../../../of_v0.9.8_osx_release/addons/ofxXmlSettings/libs/tinyxml.h</string>
				<key>sourceTree</key>
				<string>SOURCE_ROOT</string>
			</dict>
			<key>6E54289412D2D94F45A05113</key>
			<dict>
				<key>children</key>
				<array>
					<string>D85D95660FD1423AFE011150</string>
					<string>25A339C87C0864349D3CA7C3</string>
					<string>B152C95CA4EF85248E595F56</string>
					<string>B979569391DA3C473A5265B5</string>
				</array>
				<key>isa</key>
				<string>PBXGroup</string>
				<key>name</key>
				<string>libs</string>
				<key>sourceTree</key>
				<string>&lt;group&gt;</string>
			</dict>
			<key>3600D807A5B83CD628F7FAB9</key>
			<dict>
				<key>fileRef</key>
				<string>D85D95660FD1423AFE011150</string>
				<key>isa</key>
				<string>PBXBuildFile</string>
			</dict>
			<key>D85D95660FD1423AFE011150</key>
			<dict>
				<key>explicitFileType</key>
				<string>sourcecode.cpp.cpp</string>
				<key>fileEncoding</key>
				<string>30</string>
				<key>isa</key>
				<string>PBXFileReference</string>
				<key>name</key>
				<string>tinyxml.cpp</string>
				<key>path</key>
				<string>../../../../of_v0.9.8_osx_release/addons/ofxXmlSettings/libs/tinyxml.cpp</string>
				<key>sourceTree</key>
				<string>SOURCE_ROOT</string>
			</dict>
			<key>07C2BCD3D10338B0AFFBC285</key>
			<dict>
				<key>explicitFileType</key>
				<string>sourcecode.c.h</string>
				<key>fileEncoding</key>
				<string>30</string>
				<key>isa</key>
				<string>PBXFileReference</string>
				<key>name</key>
				<string>ofxXmlSettings.h</string>
				<key>path</key>
				<string>../../../../of_v0.9.8_osx_release/addons/ofxXmlSettings/src/ofxXmlSettings.h</string>
				<key>sourceTree</key>
				<string>SOURCE_ROOT</string>
			</dict>
			<key>6ECEF0D76BC33727823EADFF</key>
			<dict>
				<key>children</key>
				<array>
					<string>3F40DBD273FCBF4096718B2D</string>
					<string>07C2BCD3D10338B0AFFBC285</string>
				</array>
				<key>isa</key>
				<string>PBXGroup</string>
				<key>name</key>
				<string>src</string>
				<key>sourceTree</key>
				<string>&lt;group&gt;</string>
			</dict>
			<key>1F4FB5C423662B96ADFDCC0B</key>
			<dict>
				<key>children</key>
				<array>
					<string>6ECEF0D76BC33727823EADFF</string>
					<string>6E54289412D2D94F45A05113</string>
				</array>
				<key>isa</key>
				<string>PBXGroup</string>
				<key>name</key>
				<string>ofxXmlSettings</string>
				<key>sourceTree</key>
				<string>&lt;group&gt;</string>
			</dict>
			<key>714E86379B39208FDB716F28</key>
			<dict>
				<key>fileRef</key>
				<string>3F40DBD273FCBF4096718B2D</string>
				<key>isa</key>
				<string>PBXBuildFile</string>
			</dict>
			<key>3F40DBD273FCBF4096718B2D</key>
			<dict>
				<key>explicitFileType</key>
				<string>sourcecode.cpp.cpp</string>
				<key>fileEncoding</key>
				<string>30</string>
				<key>isa</key>
				<string>PBXFileReference</string>
				<key>name</key>
				<string>ofxXmlSettings.cpp</string>
				<key>path</key>
				<string>../../../../of_v0.9.8_osx_release/addons/ofxXmlSettings/src/ofxXmlSettings.cpp</string>
				<key>sourceTree</key>
				<string>SOURCE_ROOT</string>
			</dict>
			<key>0DBAB7C3022BB638B38EA7B4</key>
			<dict>
				<key>explicitFileType</key>
				<string>sourcecode.c.h</string>
				<key>fileEncoding</key>
				<string>30</string>
				<key>isa</key>
				<string>PBXFileReference</string>
				<key>name</key>
				<string>OscTypes.h</string>
				<key>path</key>
				<string>../../../../of_v0.9.8_osx_release/addons/ofxOsc/libs/oscpack/src/osc/OscTypes.h</string>
				<key>sourceTree</key>
				<string>SOURCE_ROOT</string>
			</dict>
			<key>CA435E2ABACD9EBF5098526A</key>
			<dict>
				<key>fileRef</key>
				<string>776280975A64E1E84E2480C4</string>
				<key>isa</key>
				<string>PBXBuildFile</string>
			</dict>
			<key>776280975A64E1E84E2480C4</key>
			<dict>
				<key>explicitFileType</key>
				<string>sourcecode.cpp.cpp</string>
				<key>fileEncoding</key>
				<string>30</string>
				<key>isa</key>
				<string>PBXFileReference</string>
				<key>name</key>
				<string>OscTypes.cpp</string>
				<key>path</key>
				<string>../../../../of_v0.9.8_osx_release/addons/ofxOsc/libs/oscpack/src/osc/OscTypes.cpp</string>
				<key>sourceTree</key>
				<string>SOURCE_ROOT</string>
			</dict>
			<key>B91B9DE6D6E7515991D2DB86</key>
			<dict>
				<key>explicitFileType</key>
				<string>sourcecode.c.h</string>
				<key>fileEncoding</key>
				<string>30</string>
				<key>isa</key>
				<string>PBXFileReference</string>
				<key>name</key>
				<string>OscReceivedElements.h</string>
				<key>path</key>
				<string>../../../../of_v0.9.8_osx_release/addons/ofxOsc/libs/oscpack/src/osc/OscReceivedElements.h</string>
				<key>sourceTree</key>
				<string>SOURCE_ROOT</string>
			</dict>
			<key>097CA34F48810E83221F5A9F</key>
			<dict>
				<key>fileRef</key>
				<string>E1BFF27254473099CE9EBC96</string>
				<key>isa</key>
				<string>PBXBuildFile</string>
			</dict>
			<key>E1BFF27254473099CE9EBC96</key>
			<dict>
				<key>explicitFileType</key>
				<string>sourcecode.cpp.cpp</string>
				<key>fileEncoding</key>
				<string>30</string>
				<key>isa</key>
				<string>PBXFileReference</string>
				<key>name</key>
				<string>OscReceivedElements.cpp</string>
				<key>path</key>
				<string>../../../../of_v0.9.8_osx_release/addons/ofxOsc/libs/oscpack/src/osc/OscReceivedElements.cpp</string>
				<key>sourceTree</key>
				<string>SOURCE_ROOT</string>
			</dict>
			<key>6723333891EC5284175A6893</key>
			<dict>
				<key>explicitFileType</key>
				<string>sourcecode.c.h</string>
				<key>fileEncoding</key>
				<string>30</string>
				<key>isa</key>
				<string>PBXFileReference</string>
				<key>name</key>
				<string>OscPrintReceivedElements.h</string>
				<key>path</key>
				<string>../../../../of_v0.9.8_osx_release/addons/ofxOsc/libs/oscpack/src/osc/OscPrintReceivedElements.h</string>
				<key>sourceTree</key>
				<string>SOURCE_ROOT</string>
			</dict>
			<key>4FBBB40BF6D0BEB8A441A14C</key>
			<dict>
				<key>fileRef</key>
				<string>6026CF01F6F510C08353BF91</string>
				<key>isa</key>
				<string>PBXBuildFile</string>
			</dict>
			<key>6026CF01F6F510C08353BF91</key>
			<dict>
				<key>explicitFileType</key>
				<string>sourcecode.cpp.cpp</string>
				<key>fileEncoding</key>
				<string>30</string>
				<key>isa</key>
				<string>PBXFileReference</string>
				<key>name</key>
				<string>OscPrintReceivedElements.cpp</string>
				<key>path</key>
				<string>../../../../of_v0.9.8_osx_release/addons/ofxOsc/libs/oscpack/src/osc/OscPrintReceivedElements.cpp</string>
				<key>sourceTree</key>
				<string>SOURCE_ROOT</string>
			</dict>
			<key>B6B97A09A7A80B5B621E4069</key>
			<dict>
				<key>explicitFileType</key>
				<string>sourcecode.c.h</string>
				<key>fileEncoding</key>
				<string>30</string>
				<key>isa</key>
				<string>PBXFileReference</string>
				<key>name</key>
				<string>OscPacketListener.h</string>
				<key>path</key>
				<string>../../../../of_v0.9.8_osx_release/addons/ofxOsc/libs/oscpack/src/osc/OscPacketListener.h</string>
				<key>sourceTree</key>
				<string>SOURCE_ROOT</string>
			</dict>
			<key>BA28ED6607DF2582F61415E8</key>
			<dict>
				<key>explicitFileType</key>
				<string>sourcecode.c.h</string>
				<key>fileEncoding</key>
				<string>30</string>
				<key>isa</key>
				<string>PBXFileReference</string>
				<key>name</key>
				<string>OscOutboundPacketStream.h</string>
				<key>path</key>
				<string>../../../../of_v0.9.8_osx_release/addons/ofxOsc/libs/oscpack/src/osc/OscOutboundPacketStream.h</string>
				<key>sourceTree</key>
				<string>SOURCE_ROOT</string>
			</dict>
			<key>6378D74BEE5205C4B1EF0627</key>
			<dict>
				<key>fileRef</key>
				<string>B2A40F35F6B4A252A9BC71A3</string>
				<key>isa</key>
				<string>PBXBuildFile</string>
			</dict>
			<key>B2A40F35F6B4A252A9BC71A3</key>
			<dict>
				<key>explicitFileType</key>
				<string>sourcecode.cpp.cpp</string>
				<key>fileEncoding</key>
				<string>30</string>
				<key>isa</key>
				<string>PBXFileReference</string>
				<key>name</key>
				<string>OscOutboundPacketStream.cpp</string>
				<key>path</key>
				<string>../../../../of_v0.9.8_osx_release/addons/ofxOsc/libs/oscpack/src/osc/OscOutboundPacketStream.cpp</string>
				<key>sourceTree</key>
				<string>SOURCE_ROOT</string>
			</dict>
			<key>B8909234EEABD08F1484F7A9</key>
			<dict>
				<key>explicitFileType</key>
				<string>sourcecode.c.h</string>
				<key>fileEncoding</key>
				<string>30</string>
				<key>isa</key>
				<string>PBXFileReference</string>
				<key>name</key>
				<string>OscHostEndianness.h</string>
				<key>path</key>
				<string>../../../../of_v0.9.8_osx_release/addons/ofxOsc/libs/oscpack/src/osc/OscHostEndianness.h</string>
				<key>sourceTree</key>
				<string>SOURCE_ROOT</string>
			</dict>
			<key>064AB32C625EEE2237BAADD9</key>
			<dict>
				<key>explicitFileType</key>
				<string>sourcecode.c.h</string>
				<key>fileEncoding</key>
				<string>30</string>
				<key>isa</key>
				<string>PBXFileReference</string>
				<key>name</key>
				<string>OscException.h</string>
				<key>path</key>
				<string>../../../../of_v0.9.8_osx_release/addons/ofxOsc/libs/oscpack/src/osc/OscException.h</string>
				<key>sourceTree</key>
				<string>SOURCE_ROOT</string>
			</dict>
			<key>30CB364908817057B430D528</key>
			<dict>
				<key>children</key>
				<array>
					<string>34808D381F47E3AF136F5DE9</string>
					<string>064AB32C625EEE2237BAADD9</string>
					<string>B8909234EEABD08F1484F7A9</string>
					<string>B2A40F35F6B4A252A9BC71A3</string>
					<string>BA28ED6607DF2582F61415E8</string>
					<string>B6B97A09A7A80B5B621E4069</string>
					<string>6026CF01F6F510C08353BF91</string>
					<string>6723333891EC5284175A6893</string>
					<string>E1BFF27254473099CE9EBC96</string>
					<string>B91B9DE6D6E7515991D2DB86</string>
					<string>776280975A64E1E84E2480C4</string>
					<string>0DBAB7C3022BB638B38EA7B4</string>
				</array>
				<key>isa</key>
				<string>PBXGroup</string>
				<key>name</key>
				<string>osc</string>
				<key>sourceTree</key>
				<string>&lt;group&gt;</string>
			</dict>
			<key>34808D381F47E3AF136F5DE9</key>
			<dict>
				<key>explicitFileType</key>
				<string>sourcecode.c.h</string>
				<key>fileEncoding</key>
				<string>30</string>
				<key>isa</key>
				<string>PBXFileReference</string>
				<key>name</key>
				<string>MessageMappingOscPacketListener.h</string>
				<key>path</key>
				<string>../../../../of_v0.9.8_osx_release/addons/ofxOsc/libs/oscpack/src/osc/MessageMappingOscPacketListener.h</string>
				<key>sourceTree</key>
				<string>SOURCE_ROOT</string>
			</dict>
			<key>4A3DCF771A5DE8E3BB12F5A3</key>
			<dict>
				<key>explicitFileType</key>
				<string>sourcecode.c.h</string>
				<key>fileEncoding</key>
				<string>30</string>
				<key>isa</key>
				<string>PBXFileReference</string>
				<key>name</key>
				<string>UdpSocket.h</string>
				<key>path</key>
				<string>../../../../of_v0.9.8_osx_release/addons/ofxOsc/libs/oscpack/src/ip/UdpSocket.h</string>
				<key>sourceTree</key>
				<string>SOURCE_ROOT</string>
			</dict>
			<key>807A46F297CF528C80DE3BC0</key>
			<dict>
				<key>explicitFileType</key>
				<string>sourcecode.c.h</string>
				<key>fileEncoding</key>
				<string>30</string>
				<key>isa</key>
				<string>PBXFileReference</string>
				<key>name</key>
				<string>TimerListener.h</string>
				<key>path</key>
				<string>../../../../of_v0.9.8_osx_release/addons/ofxOsc/libs/oscpack/src/ip/TimerListener.h</string>
				<key>sourceTree</key>
				<string>SOURCE_ROOT</string>
			</dict>
			<key>4B322C5144D70015FFC94E02</key>
			<dict>
				<key>fileRef</key>
				<string>D6E9D68875D108EF97ED3792</string>
				<key>isa</key>
				<string>PBXBuildFile</string>
			</dict>
			<key>D6E9D68875D108EF97ED3792</key>
			<dict>
				<key>explicitFileType</key>
				<string>sourcecode.cpp.cpp</string>
				<key>fileEncoding</key>
				<string>30</string>
				<key>isa</key>
				<string>PBXFileReference</string>
				<key>name</key>
				<string>UdpSocket.cpp</string>
				<key>path</key>
				<string>../../../../of_v0.9.8_osx_release/addons/ofxOsc/libs/oscpack/src/ip/posix/UdpSocket.cpp</string>
				<key>sourceTree</key>
				<string>SOURCE_ROOT</string>
			</dict>
			<key>641362CA659FAFEE4E81001B</key>
			<dict>
				<key>children</key>
				<array>
					<string>B8F23E7D3EC858294E266CAB</string>
					<string>D6E9D68875D108EF97ED3792</string>
				</array>
				<key>isa</key>
				<string>PBXGroup</string>
				<key>name</key>
				<string>posix</string>
				<key>sourceTree</key>
				<string>&lt;group&gt;</string>
			</dict>
			<key>101907C4110EF13BAE1F5418</key>
			<dict>
				<key>fileRef</key>
				<string>B8F23E7D3EC858294E266CAB</string>
				<key>isa</key>
				<string>PBXBuildFile</string>
			</dict>
			<key>B8F23E7D3EC858294E266CAB</key>
			<dict>
				<key>explicitFileType</key>
				<string>sourcecode.cpp.cpp</string>
				<key>fileEncoding</key>
				<string>30</string>
				<key>isa</key>
				<string>PBXFileReference</string>
				<key>name</key>
				<string>NetworkingUtils.cpp</string>
				<key>path</key>
				<string>../../../../of_v0.9.8_osx_release/addons/ofxOsc/libs/oscpack/src/ip/posix/NetworkingUtils.cpp</string>
				<key>sourceTree</key>
				<string>SOURCE_ROOT</string>
			</dict>
			<key>711CC8D3F572503A9A000104</key>
			<dict>
				<key>explicitFileType</key>
				<string>sourcecode.c.h</string>
				<key>fileEncoding</key>
				<string>30</string>
				<key>isa</key>
				<string>PBXFileReference</string>
				<key>name</key>
				<string>PacketListener.h</string>
				<key>path</key>
				<string>../../../../of_v0.9.8_osx_release/addons/ofxOsc/libs/oscpack/src/ip/PacketListener.h</string>
				<key>sourceTree</key>
				<string>SOURCE_ROOT</string>
			</dict>
			<key>23243B327D01A4FA1D63C1A8</key>
			<dict>
				<key>explicitFileType</key>
				<string>sourcecode.c.h</string>
				<key>fileEncoding</key>
				<string>30</string>
				<key>isa</key>
				<string>PBXFileReference</string>
				<key>name</key>
				<string>NetworkingUtils.h</string>
				<key>path</key>
				<string>../../../../of_v0.9.8_osx_release/addons/ofxOsc/libs/oscpack/src/ip/NetworkingUtils.h</string>
				<key>sourceTree</key>
				<string>SOURCE_ROOT</string>
			</dict>
			<key>9817A4F96ED95B77E7749145</key>
			<dict>
				<key>explicitFileType</key>
				<string>sourcecode.c.h</string>
				<key>fileEncoding</key>
				<string>30</string>
				<key>isa</key>
				<string>PBXFileReference</string>
				<key>name</key>
				<string>IpEndpointName.h</string>
				<key>path</key>
				<string>../../../../of_v0.9.8_osx_release/addons/ofxOsc/libs/oscpack/src/ip/IpEndpointName.h</string>
				<key>sourceTree</key>
				<string>SOURCE_ROOT</string>
			</dict>
			<key>FF8CDF57858E9B94E3237115</key>
			<dict>
				<key>children</key>
				<array>
					<string>F95A77BBE7595522CF7C4AF0</string>
					<string>9817A4F96ED95B77E7749145</string>
					<string>23243B327D01A4FA1D63C1A8</string>
					<string>711CC8D3F572503A9A000104</string>
					<string>641362CA659FAFEE4E81001B</string>
					<string>807A46F297CF528C80DE3BC0</string>
					<string>4A3DCF771A5DE8E3BB12F5A3</string>
				</array>
				<key>isa</key>
				<string>PBXGroup</string>
				<key>name</key>
				<string>ip</string>
				<key>sourceTree</key>
				<string>&lt;group&gt;</string>
			</dict>
			<key>D27B2221A225CA523C019676</key>
			<dict>
				<key>children</key>
				<array>
					<string>FF8CDF57858E9B94E3237115</string>
					<string>30CB364908817057B430D528</string>
				</array>
				<key>isa</key>
				<string>PBXGroup</string>
				<key>name</key>
				<string>src</string>
				<key>sourceTree</key>
				<string>&lt;group&gt;</string>
			</dict>
			<key>86D2677079A3AF4A5A88E29A</key>
			<dict>
				<key>children</key>
				<array>
					<string>D27B2221A225CA523C019676</string>
				</array>
				<key>isa</key>
				<string>PBXGroup</string>
				<key>name</key>
				<string>oscpack</string>
				<key>sourceTree</key>
				<string>&lt;group&gt;</string>
			</dict>
			<key>38871A5825686AE018EC2BF0</key>
			<dict>
				<key>children</key>
				<array>
					<string>86D2677079A3AF4A5A88E29A</string>
				</array>
				<key>isa</key>
				<string>PBXGroup</string>
				<key>name</key>
				<string>libs</string>
				<key>sourceTree</key>
				<string>&lt;group&gt;</string>
			</dict>
			<key>FFC2D4A54D41A1D0DA0B679E</key>
			<dict>
				<key>fileRef</key>
				<string>F95A77BBE7595522CF7C4AF0</string>
				<key>isa</key>
				<string>PBXBuildFile</string>
			</dict>
			<key>F95A77BBE7595522CF7C4AF0</key>
			<dict>
				<key>explicitFileType</key>
				<string>sourcecode.cpp.cpp</string>
				<key>fileEncoding</key>
				<string>30</string>
				<key>isa</key>
				<string>PBXFileReference</string>
				<key>name</key>
				<string>IpEndpointName.cpp</string>
				<key>path</key>
				<string>../../../../of_v0.9.8_osx_release/addons/ofxOsc/libs/oscpack/src/ip/IpEndpointName.cpp</string>
				<key>sourceTree</key>
				<string>SOURCE_ROOT</string>
			</dict>
			<key>C78BB28A4F70BB548BEB2DE1</key>
			<dict>
				<key>explicitFileType</key>
				<string>sourcecode.c.h</string>
				<key>fileEncoding</key>
				<string>30</string>
				<key>isa</key>
				<string>PBXFileReference</string>
				<key>name</key>
				<string>ofxOscSender.h</string>
				<key>path</key>
				<string>../../../../of_v0.9.8_osx_release/addons/ofxOsc/src/ofxOscSender.h</string>
				<key>sourceTree</key>
				<string>SOURCE_ROOT</string>
			</dict>
			<key>A74FEC92FC6BCDEB94780718</key>
			<dict>
				<key>fileRef</key>
				<string>9A554263E4FE2A6321E1ABEE</string>
				<key>isa</key>
				<string>PBXBuildFile</string>
			</dict>
			<key>9A554263E4FE2A6321E1ABEE</key>
			<dict>
				<key>explicitFileType</key>
				<string>sourcecode.cpp.cpp</string>
				<key>fileEncoding</key>
				<string>30</string>
				<key>isa</key>
				<string>PBXFileReference</string>
				<key>name</key>
				<string>ofxOscSender.cpp</string>
				<key>path</key>
				<string>../../../../of_v0.9.8_osx_release/addons/ofxOsc/src/ofxOscSender.cpp</string>
				<key>sourceTree</key>
				<string>SOURCE_ROOT</string>
			</dict>
			<key>03E2328A4B0C0027C302E44B</key>
			<dict>
				<key>explicitFileType</key>
				<string>sourcecode.c.h</string>
				<key>fileEncoding</key>
				<string>30</string>
				<key>isa</key>
				<string>PBXFileReference</string>
				<key>name</key>
				<string>ofxOscReceiver.h</string>
				<key>path</key>
				<string>../../../../of_v0.9.8_osx_release/addons/ofxOsc/src/ofxOscReceiver.h</string>
				<key>sourceTree</key>
				<string>SOURCE_ROOT</string>
			</dict>
			<key>6778B94227FE9840725EA0F5</key>
			<dict>
				<key>fileRef</key>
				<string>68CB9B6F6C9023B99E1D9306</string>
				<key>isa</key>
				<string>PBXBuildFile</string>
			</dict>
			<key>68CB9B6F6C9023B99E1D9306</key>
			<dict>
				<key>explicitFileType</key>
				<string>sourcecode.cpp.cpp</string>
				<key>fileEncoding</key>
				<string>30</string>
				<key>isa</key>
				<string>PBXFileReference</string>
				<key>name</key>
				<string>ofxOscReceiver.cpp</string>
				<key>path</key>
				<string>../../../../of_v0.9.8_osx_release/addons/ofxOsc/src/ofxOscReceiver.cpp</string>
				<key>sourceTree</key>
				<string>SOURCE_ROOT</string>
			</dict>
			<key>A732542402600BB4FAA1C0E8</key>
			<dict>
				<key>explicitFileType</key>
				<string>sourcecode.c.h</string>
				<key>fileEncoding</key>
				<string>30</string>
				<key>isa</key>
				<string>PBXFileReference</string>
				<key>name</key>
				<string>ofxOscParameterSync.h</string>
				<key>path</key>
				<string>../../../../of_v0.9.8_osx_release/addons/ofxOsc/src/ofxOscParameterSync.h</string>
				<key>sourceTree</key>
				<string>SOURCE_ROOT</string>
			</dict>
			<key>B40F56881F81A15E22D6B574</key>
			<dict>
				<key>fileRef</key>
				<string>9D9C45D2416BFF7F5D95B080</string>
				<key>isa</key>
				<string>PBXBuildFile</string>
			</dict>
			<key>9D9C45D2416BFF7F5D95B080</key>
			<dict>
				<key>explicitFileType</key>
				<string>sourcecode.cpp.cpp</string>
				<key>fileEncoding</key>
				<string>30</string>
				<key>isa</key>
				<string>PBXFileReference</string>
				<key>name</key>
				<string>ofxOscParameterSync.cpp</string>
				<key>path</key>
				<string>../../../../of_v0.9.8_osx_release/addons/ofxOsc/src/ofxOscParameterSync.cpp</string>
				<key>sourceTree</key>
				<string>SOURCE_ROOT</string>
			</dict>
			<key>B5C07A7813918EB19FC39B5A</key>
			<dict>
				<key>explicitFileType</key>
				<string>sourcecode.c.h</string>
				<key>fileEncoding</key>
				<string>30</string>
				<key>isa</key>
				<string>PBXFileReference</string>
				<key>name</key>
				<string>ofxOscMessage.h</string>
				<key>path</key>
				<string>../../../../of_v0.9.8_osx_release/addons/ofxOsc/src/ofxOscMessage.h</string>
				<key>sourceTree</key>
				<string>SOURCE_ROOT</string>
			</dict>
			<key>B828CF81B4DDC4A247986B85</key>
			<dict>
				<key>fileRef</key>
				<string>8CAADF434173BEDC0DD18658</string>
				<key>isa</key>
				<string>PBXBuildFile</string>
			</dict>
			<key>8CAADF434173BEDC0DD18658</key>
			<dict>
				<key>explicitFileType</key>
				<string>sourcecode.cpp.cpp</string>
				<key>fileEncoding</key>
				<string>30</string>
				<key>isa</key>
				<string>PBXFileReference</string>
				<key>name</key>
				<string>ofxOscMessage.cpp</string>
				<key>path</key>
				<string>../../../../of_v0.9.8_osx_release/addons/ofxOsc/src/ofxOscMessage.cpp</string>
				<key>sourceTree</key>
				<string>SOURCE_ROOT</string>
			</dict>
			<key>7E51E93D2FB62192BDB06BC1</key>
			<dict>
				<key>explicitFileType</key>
				<string>sourcecode.c.h</string>
				<key>fileEncoding</key>
				<string>30</string>
				<key>isa</key>
				<string>PBXFileReference</string>
				<key>name</key>
				<string>ofxOscBundle.h</string>
				<key>path</key>
				<string>../../../../of_v0.9.8_osx_release/addons/ofxOsc/src/ofxOscBundle.h</string>
				<key>sourceTree</key>
				<string>SOURCE_ROOT</string>
			</dict>
			<key>FD615648E4C3A99EB892EBBC</key>
			<dict>
				<key>fileRef</key>
				<string>A8A9BCD18E8AA40FA7BB267E</string>
				<key>isa</key>
				<string>PBXBuildFile</string>
			</dict>
			<key>A8A9BCD18E8AA40FA7BB267E</key>
			<dict>
				<key>explicitFileType</key>
				<string>sourcecode.cpp.cpp</string>
				<key>fileEncoding</key>
				<string>30</string>
				<key>isa</key>
				<string>PBXFileReference</string>
				<key>name</key>
				<string>ofxOscBundle.cpp</string>
				<key>path</key>
				<string>../../../../of_v0.9.8_osx_release/addons/ofxOsc/src/ofxOscBundle.cpp</string>
				<key>sourceTree</key>
				<string>SOURCE_ROOT</string>
			</dict>
			<key>318FDDFCA3B9DB0C75AE73A5</key>
			<dict>
				<key>explicitFileType</key>
				<string>sourcecode.c.h</string>
				<key>fileEncoding</key>
				<string>30</string>
				<key>isa</key>
				<string>PBXFileReference</string>
				<key>name</key>
				<string>ofxOscArg.h</string>
				<key>path</key>
				<string>../../../../of_v0.9.8_osx_release/addons/ofxOsc/src/ofxOscArg.h</string>
				<key>sourceTree</key>
				<string>SOURCE_ROOT</string>
			</dict>
			<key>BD2F1A9F8D0C05EDB29122D0</key>
			<dict>
				<key>children</key>
				<array>
					<string>3F75B36E192DD88BB4BDBF88</string>
					<string>318FDDFCA3B9DB0C75AE73A5</string>
					<string>A8A9BCD18E8AA40FA7BB267E</string>
					<string>7E51E93D2FB62192BDB06BC1</string>
					<string>8CAADF434173BEDC0DD18658</string>
					<string>B5C07A7813918EB19FC39B5A</string>
					<string>9D9C45D2416BFF7F5D95B080</string>
					<string>A732542402600BB4FAA1C0E8</string>
					<string>68CB9B6F6C9023B99E1D9306</string>
					<string>03E2328A4B0C0027C302E44B</string>
					<string>9A554263E4FE2A6321E1ABEE</string>
					<string>C78BB28A4F70BB548BEB2DE1</string>
				</array>
				<key>isa</key>
				<string>PBXGroup</string>
				<key>name</key>
				<string>src</string>
				<key>sourceTree</key>
				<string>&lt;group&gt;</string>
			</dict>
			<key>E6053AB7FEC63D5F83825B88</key>
			<dict>
				<key>children</key>
				<array>
					<string>BD2F1A9F8D0C05EDB29122D0</string>
					<string>38871A5825686AE018EC2BF0</string>
				</array>
				<key>isa</key>
				<string>PBXGroup</string>
				<key>name</key>
				<string>ofxOsc</string>
				<key>sourceTree</key>
				<string>&lt;group&gt;</string>
			</dict>
			<key>3F75B36E192DD88BB4BDBF88</key>
			<dict>
				<key>explicitFileType</key>
				<string>sourcecode.c.h</string>
				<key>fileEncoding</key>
				<string>30</string>
				<key>isa</key>
				<string>PBXFileReference</string>
				<key>name</key>
				<string>ofxOsc.h</string>
				<key>path</key>
				<string>../../../../of_v0.9.8_osx_release/addons/ofxOsc/src/ofxOsc.h</string>
				<key>sourceTree</key>
				<string>SOURCE_ROOT</string>
			</dict>
			<key>6948EE371B920CB800B5AC1A</key>
			<dict>
				<key>children</key>
				<array />
				<key>isa</key>
				<string>PBXGroup</string>
				<key>name</key>
				<string>local_addons</string>
				<key>sourceTree</key>
				<string>&lt;group&gt;</string>
			</dict>
			<key>BB4B014C10F69532006C3DED</key>
			<dict>
				<key>children</key>
				<array>
					<string>E6053AB7FEC63D5F83825B88</string>
					<string>1F4FB5C423662B96ADFDCC0B</string>
				</array>
				<key>isa</key>
				<string>PBXGroup</string>
				<key>name</key>
				<string>addons</string>
				<key>sourceTree</key>
				<string>&lt;group&gt;</string>
			</dict>
			<key>E4328143138ABC890047C5CB</key>
			<dict>
				<key>isa</key>
				<string>PBXFileReference</string>
				<key>lastKnownFileType</key>
				<string>wrapper.pb-project</string>
				<key>name</key>
				<string>openFrameworksLib.xcodeproj</string>
				<key>path</key>
				<string>../../../../of_v0.9.8_osx_release/libs/openFrameworksCompiled/project/osx/openFrameworksLib.xcodeproj</string>
				<key>sourceTree</key>
				<string>SOURCE_ROOT</string>
			</dict>
			<key>E4328144138ABC890047C5CB</key>
			<dict>
				<key>children</key>
				<array>
					<string>E4328148138ABC890047C5CB</string>
				</array>
				<key>isa</key>
				<string>PBXGroup</string>
				<key>name</key>
				<string>Products</string>
				<key>sourceTree</key>
				<string>&lt;group&gt;</string>
			</dict>
			<key>E4328147138ABC890047C5CB</key>
			<dict>
				<key>containerPortal</key>
				<string>E4328143138ABC890047C5CB</string>
				<key>isa</key>
				<string>PBXContainerItemProxy</string>
				<key>proxyType</key>
				<string>2</string>
				<key>remoteGlobalIDString</key>
				<string>E4B27C1510CBEB8E00536013</string>
				<key>remoteInfo</key>
				<string>openFrameworks</string>
			</dict>
			<key>E4328148138ABC890047C5CB</key>
			<dict>
				<key>fileType</key>
				<string>archive.ar</string>
				<key>isa</key>
				<string>PBXReferenceProxy</string>
				<key>path</key>
				<string>openFrameworksDebug.a</string>
				<key>remoteRef</key>
				<string>E4328147138ABC890047C5CB</string>
				<key>sourceTree</key>
				<string>BUILT_PRODUCTS_DIR</string>
			</dict>
			<key>E4328149138ABC9F0047C5CB</key>
			<dict>
				<key>fileRef</key>
				<string>E4328148138ABC890047C5CB</string>
				<key>isa</key>
				<string>PBXBuildFile</string>
			</dict>
			<key>E4B69B4A0A3A1720003C02F2</key>
			<dict>
				<key>children</key>
				<array>
					<string>E4B6FCAD0C3E899E008CF71C</string>
					<string>E4EB6923138AFD0F00A09F29</string>
					<string>E4B69E1C0A3A1BDC003C02F2</string>
					<string>E4EEC9E9138DF44700A80321</string>
					<string>BB4B014C10F69532006C3DED</string>
					<string>6948EE371B920CB800B5AC1A</string>
					<string>E4B69B5B0A3A1756003C02F2</string>
				</array>
				<key>isa</key>
				<string>PBXGroup</string>
				<key>sourceTree</key>
				<string>&lt;group&gt;</string>
			</dict>
			<key>E4B69B4C0A3A1720003C02F2</key>
			<dict>
				<key>attributes</key>
				<dict>
					<key>LastUpgradeCheck</key>
					<string>0600</string>
				</dict>
				<key>buildConfigurationList</key>
				<string>E4B69B4D0A3A1720003C02F2</string>
				<key>compatibilityVersion</key>
				<string>Xcode 3.2</string>
				<key>developmentRegion</key>
				<string>English</string>
				<key>hasScannedForEncodings</key>
				<string>0</string>
				<key>isa</key>
				<string>PBXProject</string>
				<key>knownRegions</key>
				<array>
					<string>English</string>
					<string>Japanese</string>
					<string>French</string>
					<string>German</string>
				</array>
				<key>mainGroup</key>
				<string>E4B69B4A0A3A1720003C02F2</string>
				<key>productRefGroup</key>
				<string>E4B69B4A0A3A1720003C02F2</string>
				<key>projectDirPath</key>
				<string />
				<key>projectReferences</key>
				<array>
					<dict>
						<key>ProductGroup</key>
						<string>E4328144138ABC890047C5CB</string>
						<key>ProjectRef</key>
						<string>E4328143138ABC890047C5CB</string>
					</dict>
				</array>
				<key>projectRoot</key>
				<string />
				<key>targets</key>
				<array>
					<string>E4B69B5A0A3A1756003C02F2</string>
				</array>
			</dict>
			<key>E4B69B4D0A3A1720003C02F2</key>
			<dict>
				<key>buildConfigurations</key>
				<array>
					<string>E4B69B4E0A3A1720003C02F2</string>
					<string>E4B69B4F0A3A1720003C02F2</string>
				</array>
				<key>defaultConfigurationIsVisible</key>
				<string>0</string>
				<key>defaultConfigurationName</key>
				<string>Release</string>
				<key>isa</key>
				<string>XCConfigurationList</string>
			</dict>
			<key>E4B69B4E0A3A1720003C02F2</key>
			<dict>
				<key>baseConfigurationReference</key>
				<string>E4EB6923138AFD0F00A09F29</string>
				<key>buildSettings</key>
				<dict>
					<key>HEADER_SEARCH_PATHS</key>
					<array>
						<string>$(OF_CORE_HEADERS)</string>
						<string>src</string>
						<string>../../../../of_v0.9.8_osx_release/addons/ofxOsc/libs</string>
						<string>../../../../of_v0.9.8_osx_release/addons/ofxOsc/libs/oscpack</string>
						<string>../../../../of_v0.9.8_osx_release/addons/ofxOsc/libs/oscpack/src</string>
						<string>../../../../of_v0.9.8_osx_release/addons/ofxOsc/libs/oscpack/src/ip</string>
						<string>../../../../of_v0.9.8_osx_release/addons/ofxOsc/libs/oscpack/src/ip/posix</string>
						<string>../../../../of_v0.9.8_osx_release/addons/ofxOsc/libs/oscpack/src/ip/win32</string>
						<string>../../../../of_v0.9.8_osx_release/addons/ofxOsc/libs/oscpack/src/osc</string>
						<string>../../../../of_v0.9.8_osx_release/addons/ofxOsc/src</string>
						<string>../../../../of_v0.9.8_osx_release/addons/ofxXmlSettings/libs</string>
						<string>../../../../of_v0.9.8_osx_release/addons/ofxXmlSettings/src</string>
					</array>
					<key>CONFIGURATION_BUILD_DIR</key>
					<string>$(SRCROOT)/bin/</string>
					<key>COPY_PHASE_STRIP</key>
					<string>NO</string>
					<key>DEAD_CODE_STRIPPING</key>
					<string>YES</string>
					<key>GCC_AUTO_VECTORIZATION</key>
					<string>YES</string>
					<key>GCC_ENABLE_SSE3_EXTENSIONS</key>
					<string>YES</string>
					<key>GCC_ENABLE_SUPPLEMENTAL_SSE3_INSTRUCTIONS</key>
					<string>YES</string>
					<key>GCC_INLINES_ARE_PRIVATE_EXTERN</key>
					<string>NO</string>
					<key>GCC_OPTIMIZATION_LEVEL</key>
					<string>0</string>
					<key>GCC_SYMBOLS_PRIVATE_EXTERN</key>
					<string>NO</string>
					<key>GCC_WARN_ABOUT_DEPRECATED_FUNCTIONS</key>
					<string>YES</string>
					<key>GCC_WARN_ABOUT_INVALID_OFFSETOF_MACRO</key>
					<string>NO</string>
					<key>GCC_WARN_ALLOW_INCOMPLETE_PROTOCOL</key>
					<string>NO</string>
					<key>GCC_WARN_UNINITIALIZED_AUTOS</key>
					<string>NO</string>
					<key>GCC_WARN_UNUSED_VALUE</key>
					<string>NO</string>
					<key>GCC_WARN_UNUSED_VARIABLE</key>
					<string>NO</string>
					<key>MACOSX_DEPLOYMENT_TARGET</key>
					<string>10.8</string>
					<key>ONLY_ACTIVE_ARCH</key>
					<string>YES</string>
					<key>OTHER_CPLUSPLUSFLAGS</key>
					<array>
						<string>-D__MACOSX_CORE__</string>
						<string>-mtune=native</string>
					</array>
					<key>SDKROOT</key>
					<string>macosx</string>
				</dict>
				<key>isa</key>
				<string>XCBuildConfiguration</string>
				<key>name</key>
				<string>Debug</string>
			</dict>
			<key>E4B69B4F0A3A1720003C02F2</key>
			<dict>
				<key>baseConfigurationReference</key>
				<string>E4EB6923138AFD0F00A09F29</string>
				<key>buildSettings</key>
				<dict>
					<key>HEADER_SEARCH_PATHS</key>
					<array>
						<string>$(OF_CORE_HEADERS)</string>
						<string>src</string>
						<string>../../../../of_v0.9.8_osx_release/addons/ofxOsc/libs</string>
						<string>../../../../of_v0.9.8_osx_release/addons/ofxOsc/libs/oscpack</string>
						<string>../../../../of_v0.9.8_osx_release/addons/ofxOsc/libs/oscpack/src</string>
						<string>../../../../of_v0.9.8_osx_release/addons/ofxOsc/libs/oscpack/src/ip</string>
						<string>../../../../of_v0.9.8_osx_release/addons/ofxOsc/libs/oscpack/src/ip/posix</string>
						<string>../../../../of_v0.9.8_osx_release/addons/ofxOsc/libs/oscpack/src/ip/win32</string>
						<string>../../../../of_v0.9.8_osx_release/addons/ofxOsc/libs/oscpack/src/osc</string>
						<string>../../../../of_v0.9.8_osx_release/addons/ofxOsc/src</string>
						<string>../../../../of_v0.9.8_osx_release/addons/ofxXmlSettings/libs</string>
						<string>../../../../of_v0.9.8_osx_release/addons/ofxXmlSettings/src</string>
					</array>
					<key>CONFIGURATION_BUILD_DIR</key>
					<string>$(SRCROOT)/bin/</string>
					<key>COPY_PHASE_STRIP</key>
					<string>YES</string>
					<key>DEAD_CODE_STRIPPING</key>
					<string>YES</string>
					<key>GCC_AUTO_VECTORIZATION</key>
					<string>YES</string>
					<key>GCC_ENABLE_SSE3_EXTENSIONS</key>
					<string>YES</string>
					<key>GCC_ENABLE_SUPPLEMENTAL_SSE3_INSTRUCTIONS</key>
					<string>YES</string>
					<key>GCC_INLINES_ARE_PRIVATE_EXTERN</key>
					<string>NO</string>
					<key>GCC_OPTIMIZATION_LEVEL</key>
					<string>3</string>
					<key>GCC_SYMBOLS_PRIVATE_EXTERN</key>
					<string>NO</string>
					<key>GCC_UNROLL_LOOPS</key>
					<string>YES</string>
					<key>GCC_WARN_ABOUT_DEPRECATED_FUNCTIONS</key>
					<string>YES</string>
					<key>GCC_WARN_ABOUT_INVALID_OFFSETOF_MACRO</key>
					<string>NO</string>
					<key>GCC_WARN_ALLOW_INCOMPLETE_PROTOCOL</key>
					<string>NO</string>
					<key>GCC_WARN_UNINITIALIZED_AUTOS</key>
					<string>NO</string>
					<key>GCC_WARN_UNUSED_VALUE</key>
					<string>NO</string>
					<key>GCC_WARN_UNUSED_VARIABLE</key>
					<string>NO</string>
					<key>MACOSX_DEPLOYMENT_TARGET</key>
					<string>10.8</string>
					<key>OTHER_CPLUSPLUSFLAGS</key>
					<array>
						<string>-D__MACOSX_CORE__</string>
						<string>-mtune=native</string>
					</array>
					<key>SDKROOT</key>
					<string>macosx</string>
				</dict>
				<key>isa</key>
				<string>XCBuildConfiguration</string>
				<key>name</key>
				<string>Release</string>
			</dict>
			<key>E4B69B580A3A1756003C02F2</key>
			<dict>
				<key>buildActionMask</key>
				<string>2147483647</string>
				<key>files</key>
				<array>
					<string>E4B69E200A3A1BDC003C02F2</string>
					<string>E4B69E210A3A1BDC003C02F2</string>
					<string>FD615648E4C3A99EB892EBBC</string>
					<string>B828CF81B4DDC4A247986B85</string>
					<string>B40F56881F81A15E22D6B574</string>
					<string>6778B94227FE9840725EA0F5</string>
					<string>A74FEC92FC6BCDEB94780718</string>
					<string>FFC2D4A54D41A1D0DA0B679E</string>
					<string>101907C4110EF13BAE1F5418</string>
					<string>4B322C5144D70015FFC94E02</string>
					<string>6378D74BEE5205C4B1EF0627</string>
					<string>4FBBB40BF6D0BEB8A441A14C</string>
					<string>097CA34F48810E83221F5A9F</string>
					<string>CA435E2ABACD9EBF5098526A</string>
					<string>714E86379B39208FDB716F28</string>
					<string>3600D807A5B83CD628F7FAB9</string>
					<string>25653A1486D215120E921428</string>
					<string>560BF41B37A404F2E9146330</string>
				</array>
				<key>isa</key>
				<string>PBXSourcesBuildPhase</string>
				<key>runOnlyForDeploymentPostprocessing</key>
				<string>0</string>
			</dict>
			<key>E4B69B590A3A1756003C02F2</key>
			<dict>
				<key>buildActionMask</key>
				<string>2147483647</string>
				<key>files</key>
				<array>
					<string>E4328149138ABC9F0047C5CB</string>
				</array>
				<key>isa</key>
				<string>PBXFrameworksBuildPhase</string>
				<key>runOnlyForDeploymentPostprocessing</key>
				<string>0</string>
			</dict>
			<key>E4B69B5A0A3A1756003C02F2</key>
			<dict>
				<key>buildConfigurationList</key>
				<string>E4B69B5F0A3A1757003C02F2</string>
				<key>buildPhases</key>
				<array>
					<string>E4B69B580A3A1756003C02F2</string>
					<string>E4B69B590A3A1756003C02F2</string>
					<string>E4B6FFFD0C3F9AB9008CF71C</string>
					<string>E4C2427710CC5ABF004149E2</string>
				</array>
				<key>buildRules</key>
				<array />
				<key>dependencies</key>
				<array>
					<string>E4EEB9AC138B136A00A80321</string>
				</array>
				<key>isa</key>
				<string>PBXNativeTarget</string>
				<key>name</key>
				<string>TTL_Monitor</string>
				<key>productName</key>
				<string>myOFApp</string>
				<key>productReference</key>
				<string>E4B69B5B0A3A1756003C02F2</string>
				<key>productType</key>
				<string>com.apple.product-type.application</string>
			</dict>
			<key>E4B69B5B0A3A1756003C02F2</key>
			<dict>
				<key>explicitFileType</key>
				<string>wrapper.application</string>
				<key>includeInIndex</key>
				<string>0</string>
				<key>isa</key>
				<string>PBXFileReference</string>
				<key>path</key>
				<string>TTL_MonitorDebug.app</string>
				<key>sourceTree</key>
				<string>BUILT_PRODUCTS_DIR</string>
			</dict>
			<key>E4B69B5F0A3A1757003C02F2</key>
			<dict>
				<key>buildConfigurations</key>
				<array>
					<string>E4B69B600A3A1757003C02F2</string>
					<string>E4B69B610A3A1757003C02F2</string>
				</array>
				<key>defaultConfigurationIsVisible</key>
				<string>0</string>
				<key>defaultConfigurationName</key>
				<string>Release</string>
				<key>isa</key>
				<string>XCConfigurationList</string>
			</dict>
			<key>E4B69B600A3A1757003C02F2</key>
			<dict>
				<key>baseConfigurationReference</key>
				<string>E4EB6923138AFD0F00A09F29</string>
				<key>buildSettings</key>
				<dict>
					<key>HEADER_SEARCH_PATHS</key>
					<array>
						<string>$(OF_CORE_HEADERS)</string>
						<string>src</string>
						<string>../../../../of_v0.9.8_osx_release/addons/ofxOsc/libs</string>
						<string>../../../../of_v0.9.8_osx_release/addons/ofxOsc/libs/oscpack</string>
						<string>../../../../of_v0.9.8_osx_release/addons/ofxOsc/libs/oscpack/src</string>
						<string>../../../../of_v0.9.8_osx_release/addons/ofxOsc/libs/oscpack/src/ip</string>
						<string>../../../../of_v0.9.8_osx_release/addons/ofxOsc/libs/oscpack/src/ip/posix</string>
						<string>../../../../of_v0.9.8_osx_release/addons/ofxOsc/libs/oscpack/src/ip/win32</string>
						<string>../../../../of_v0.9.8_osx_release/addons/ofxOsc/libs/oscpack/src/osc</string>
						<string>../../../../of_v0.9.8_osx_release/addons/ofxOsc/src</string>
						<string>../../../../of_v0.9.8_osx_release/addons/ofxXmlSettings/libs</string>
						<string>../../../../of_v0.9.8_osx_release/addons/ofxXmlSettings/src</string>
					</array>
					<key>COMBINE_HIDPI_IMAGES</key>
					<string>YES</string>
					<key>COPY_PHASE_STRIP</key>
					<string>NO</string>
					<key>FRAMEWORK_SEARCH_PATHS</key>
					<array>
						<string>$(inherited)</string>
						<string>$(FRAMEWORK_SEARCH_PATHS_QUOTED_FOR_TARGET_1)</string>
					</array>
					<key>FRAMEWORK_SEARCH_PATHS_QUOTED_FOR_TARGET_1</key>
					<string>"$(SRCROOT)/../../../../of_v0.9.8_osx_release/libs/glut/lib/osx"</string>
					<key>GCC_DYNAMIC_NO_PIC</key>
					<string>NO</string>
					<key>GCC_GENERATE_DEBUGGING_SYMBOLS</key>
					<string>YES</string>
					<key>GCC_MODEL_TUNING</key>
					<string>NONE</string>
					<key>ICON</key>
					<string>$(ICON_NAME_DEBUG)</string>
					<key>ICON_FILE</key>
					<string>$(ICON_FILE_PATH)$(ICON)</string>
					<key>INFOPLIST_FILE</key>
					<string>openFrameworks-Info.plist</string>
					<key>INSTALL_PATH</key>
					<string>/Applications</string>
					<key>LIBRARY_SEARCH_PATHS</key>
					<string>$(inherited)</string>
					<key>PRODUCT_NAME</key>
					<string>$(TARGET_NAME)Debug</string>
					<key>WRAPPER_EXTENSION</key>
					<string>app</string>
				</dict>
				<key>isa</key>
				<string>XCBuildConfiguration</string>
				<key>name</key>
				<string>Debug</string>
			</dict>
			<key>E4B69B610A3A1757003C02F2</key>
			<dict>
				<key>baseConfigurationReference</key>
				<string>E4EB6923138AFD0F00A09F29</string>
				<key>buildSettings</key>
				<dict>
					<key>HEADER_SEARCH_PATHS</key>
					<array>
						<string>$(OF_CORE_HEADERS)</string>
						<string>src</string>
						<string>../../../../of_v0.9.8_osx_release/addons/ofxOsc/libs</string>
						<string>../../../../of_v0.9.8_osx_release/addons/ofxOsc/libs/oscpack</string>
						<string>../../../../of_v0.9.8_osx_release/addons/ofxOsc/libs/oscpack/src</string>
						<string>../../../../of_v0.9.8_osx_release/addons/ofxOsc/libs/oscpack/src/ip</string>
						<string>../../../../of_v0.9.8_osx_release/addons/ofxOsc/libs/oscpack/src/ip/posix</string>
						<string>../../../../of_v0.9.8_osx_release/addons/ofxOsc/libs/oscpack/src/ip/win32</string>
						<string>../../../../of_v0.9.8_osx_release/addons/ofxOsc/libs/oscpack/src/osc</string>
						<string>../../../../of_v0.9.8_osx_release/addons/ofxOsc/src</string>
						<string>../../../../of_v0.9.8_osx_release/addons/ofxXmlSettings/libs</string>
						<string>../../../../of_v0.9.8_osx_release/addons/ofxXmlSettings/src</string>
					</array>
					<key>COMBINE_HIDPI_IMAGES</key>
					<string>YES</string>
					<key>COPY_PHASE_STRIP</key>
					<string>YES</string>
					<key>FRAMEWORK_SEARCH_PATHS</key>
					<array>
						<string>$(inherited)</string>
						<string>$(FRAMEWORK_SEARCH_PATHS_QUOTED_FOR_TARGET_1)</string>
					</array>
					<key>FRAMEWORK_SEARCH_PATHS_QUOTED_FOR_TARGET_1</key>
					<string>"$(SRCROOT)/../../../../of_v0.9.8_osx_release/libs/glut/lib/osx"</string>
					<key>GCC_GENERATE_DEBUGGING_SYMBOLS</key>
					<string>YES</string>
					<key>GCC_MODEL_TUNING</key>
					<string>NONE</string>
					<key>ICON</key>
					<string>$(ICON_NAME_RELEASE)</string>
					<key>ICON_FILE</key>
					<string>$(ICON_FILE_PATH)$(ICON)</string>
					<key>INFOPLIST_FILE</key>
					<string>openFrameworks-Info.plist</string>
					<key>INSTALL_PATH</key>
					<string>/Applications</string>
					<key>LIBRARY_SEARCH_PATHS</key>
					<string>$(inherited)</string>
					<key>PRODUCT_NAME</key>
					<string>$(TARGET_NAME)</string>
					<key>WRAPPER_EXTENSION</key>
					<string>app</string>
					<key>baseConfigurationReference</key>
					<string>E4EB6923138AFD0F00A09F29</string>
				</dict>
				<key>isa</key>
				<string>XCBuildConfiguration</string>
				<key>name</key>
				<string>Release</string>
			</dict>
			<key>E4B69E1C0A3A1BDC003C02F2</key>
			<dict>
				<key>children</key>
				<array>
					<string>E4B69E1D0A3A1BDC003C02F2</string>
					<string>E4B69E1E0A3A1BDC003C02F2</string>
					<string>E4B69E1F0A3A1BDC003C02F2</string>
				</array>
				<key>isa</key>
				<string>PBXGroup</string>
				<key>path</key>
				<string>src</string>
				<key>sourceTree</key>
				<string>SOURCE_ROOT</string>
			</dict>
			<key>E4B69E1D0A3A1BDC003C02F2</key>
			<dict>
				<key>fileEncoding</key>
				<string>30</string>
				<key>isa</key>
				<string>PBXFileReference</string>
				<key>lastKnownFileType</key>
				<string>sourcecode.cpp.cpp</string>
				<key>name</key>
				<string>main.cpp</string>
				<key>path</key>
				<string>src/main.cpp</string>
				<key>sourceTree</key>
				<string>SOURCE_ROOT</string>
			</dict>
			<key>E4B69E1E0A3A1BDC003C02F2</key>
			<dict>
				<key>explicitFileType</key>
				<string>sourcecode.cpp.cpp</string>
				<key>fileEncoding</key>
				<string>30</string>
				<key>isa</key>
				<string>PBXFileReference</string>
				<key>name</key>
				<string>ofApp.cpp</string>
				<key>path</key>
				<string>src/ofApp.cpp</string>
				<key>sourceTree</key>
				<string>SOURCE_ROOT</string>
			</dict>
			<key>E4B69E1F0A3A1BDC003C02F2</key>
			<dict>
				<key>fileEncoding</key>
				<string>30</string>
				<key>isa</key>
				<string>PBXFileReference</string>
				<key>lastKnownFileType</key>
				<string>sourcecode.c.h</string>
				<key>name</key>
				<string>ofApp.h</string>
				<key>path</key>
				<string>src/ofApp.h</string>
				<key>sourceTree</key>
				<string>SOURCE_ROOT</string>
			</dict>
			<key>E4B69E200A3A1BDC003C02F2</key>
			<dict>
				<key>fileRef</key>
				<string>E4B69E1D0A3A1BDC003C02F2</string>
				<key>isa</key>
				<string>PBXBuildFile</string>
			</dict>
			<key>E4B69E210A3A1BDC003C02F2</key>
			<dict>
				<key>fileRef</key>
				<string>E4B69E1E0A3A1BDC003C02F2</string>
				<key>isa</key>
				<string>PBXBuildFile</string>
			</dict>
			<key>E4B6FCAD0C3E899E008CF71C</key>
			<dict>
				<key>fileEncoding</key>
				<string>30</string>
				<key>isa</key>
				<string>PBXFileReference</string>
				<key>lastKnownFileType</key>
				<string>text.plist.xml</string>
				<key>path</key>
				<string>openFrameworks-Info.plist</string>
				<key>sourceTree</key>
				<string>&lt;group&gt;</string>
			</dict>
			<key>E4B6FFFD0C3F9AB9008CF71C</key>
			<dict>
				<key>buildActionMask</key>
				<string>2147483647</string>
				<key>files</key>
				<array />
				<key>inputPaths</key>
				<array />
				<key>isa</key>
				<string>PBXShellScriptBuildPhase</string>
				<key>outputPaths</key>
				<array />
				<key>runOnlyForDeploymentPostprocessing</key>
				<string>0</string>
				<key>shellPath</key>
				<string>/bin/sh</string>
				<key>shellScript</key>
				<string>mkdir -p "$TARGET_BUILD_DIR/$PRODUCT_NAME.app/Contents/Resources/"
# Copy default icon file into App/Resources
rsync -aved "$ICON_FILE" "$TARGET_BUILD_DIR/$PRODUCT_NAME.app/Contents/Resources/"
# Copy libfmod and change install directory for fmod to run
rsync -aved ../../../../of_v0.9.8_osx_release/libs/fmodex/lib/osx/libfmodex.dylib "$TARGET_BUILD_DIR/$PRODUCT_NAME.app/Contents/Frameworks/";
install_name_tool -change @executable_path/libfmodex.dylib @executable_path/../Frameworks/libfmodex.dylib "$TARGET_BUILD_DIR/$PRODUCT_NAME.app/Contents/MacOS/$PRODUCT_NAME";
# Copy GLUT framework (must remove for AppStore submissions)
rsync -aved ../../../../of_v0.9.8_osx_release/libs/glut/lib/osx/GLUT.framework "$TARGET_BUILD_DIR/$PRODUCT_NAME.app/Contents/Frameworks/"
</string>
			</dict>
			<key>E4C2427710CC5ABF004149E2</key>
			<dict>
				<key>buildActionMask</key>
				<string>2147483647</string>
				<key>dstPath</key>
				<string />
				<key>dstSubfolderSpec</key>
				<string>10</string>
				<key>files</key>
				<array />
				<key>isa</key>
				<string>PBXCopyFilesBuildPhase</string>
				<key>runOnlyForDeploymentPostprocessing</key>
				<string>0</string>
			</dict>
			<key>E4EB691F138AFCF100A09F29</key>
			<dict>
				<key>fileEncoding</key>
				<string>4</string>
				<key>isa</key>
				<string>PBXFileReference</string>
				<key>lastKnownFileType</key>
				<string>text.xcconfig</string>
				<key>name</key>
				<string>CoreOF.xcconfig</string>
				<key>path</key>
				<string>../../../../of_v0.9.8_osx_release/libs/openFrameworksCompiled/project/osx/CoreOF.xcconfig</string>
				<key>sourceTree</key>
				<string>SOURCE_ROOT</string>
			</dict>
			<key>E4EB6923138AFD0F00A09F29</key>
			<dict>
				<key>fileEncoding</key>
				<string>4</string>
				<key>isa</key>
				<string>PBXFileReference</string>
				<key>lastKnownFileType</key>
				<string>text.xcconfig</string>
				<key>path</key>
				<string>Project.xcconfig</string>
				<key>sourceTree</key>
				<string>&lt;group&gt;</string>
			</dict>
			<key>E4EEB9AB138B136A00A80321</key>
			<dict>
				<key>containerPortal</key>
				<string>E4328143138ABC890047C5CB</string>
				<key>isa</key>
				<string>PBXContainerItemProxy</string>
				<key>proxyType</key>
				<string>1</string>
				<key>remoteGlobalIDString</key>
				<string>E4B27C1410CBEB8E00536013</string>
				<key>remoteInfo</key>
				<string>openFrameworks</string>
			</dict>
			<key>E4EEB9AC138B136A00A80321</key>
			<dict>
				<key>isa</key>
				<string>PBXTargetDependency</string>
				<key>name</key>
				<string>openFrameworks</string>
				<key>targetProxy</key>
				<string>E4EEB9AB138B136A00A80321</string>
			</dict>
			<key>E4EEC9E9138DF44700A80321</key>
			<dict>
				<key>children</key>
				<array>
					<string>E4EB691F138AFCF100A09F29</string>
					<string>E4328143138ABC890047C5CB</string>
				</array>
				<key>isa</key>
				<string>PBXGroup</string>
				<key>name</key>
				<string>openFrameworks</string>
				<key>sourceTree</key>
				<string>&lt;group&gt;</string>
			</dict>
		</dict>
		<key>rootObject</key>
		<string>E4B69B4C0A3A1720003C02F2</string>
	</dict>
</plist>
