<?xml version="1.0" encoding="utf-8"?>
<Project ToolsVersion="4.0" xmlns="http://schemas.microsoft.com/developer/msbuild/2003">
  <ItemGroup>
    <ClCompile Include="src\ofApp.cpp">
      <Filter>src</Filter>
    </ClCompile>
    <ClCompile Include="src\main.cpp">
      <Filter>src</Filter>
    </ClCompile>
    <ClCompile Include="..\..\..\..\..\..\..\..\of_v0.9.8_vs_release\addons\ofxOsc\src\ofxOscBundle.cpp">
      <Filter>addons\ofxOsc\src</Filter>
    </ClCompile>
    <ClCompile Include="..\..\..\..\..\..\..\..\of_v0.9.8_vs_release\addons\ofxOsc\src\ofxOscMessage.cpp">
      <Filter>addons\ofxOsc\src</Filter>
    </ClCompile>
    <ClCompile Include="..\..\..\..\..\..\..\..\of_v0.9.8_vs_release\addons\ofxOsc\src\ofxOscParameterSync.cpp">
      <Filter>addons\ofxOsc\src</Filter>
    </ClCompile>
    <ClCompile Include="..\..\..\..\..\..\..\..\of_v0.9.8_vs_release\addons\ofxOsc\src\ofxOscReceiver.cpp">
      <Filter>addons\ofxOsc\src</Filter>
    </ClCompile>
    <ClCompile Include="..\..\..\..\..\..\..\..\of_v0.9.8_vs_release\addons\ofxOsc\src\ofxOscSender.cpp">
      <Filter>addons\ofxOsc\src</Filter>
    </ClCompile>
    <ClCompile Include="..\..\..\..\..\..\..\..\of_v0.9.8_vs_release\addons\ofxOsc\libs\oscpack\src\ip\IpEndpointName.cpp">
      <Filter>addons\ofxOsc\libs\oscpack\src\ip</Filter>
    </ClCompile>
    <ClCompile Include="..\..\..\..\..\..\..\..\of_v0.9.8_vs_release\addons\ofxOsc\libs\oscpack\src\ip\win32\NetworkingUtils.cpp">
      <Filter>addons\ofxOsc\libs\oscpack\src\ip\win32</Filter>
    </ClCompile>
    <ClCompile Include="..\..\..\..\..\..\..\..\of_v0.9.8_vs_release\addons\ofxOsc\libs\oscpack\src\ip\win32\UdpSocket.cpp">
      <Filter>addons\ofxOsc\libs\oscpack\src\ip\win32</Filter>
    </ClCompile>
    <ClCompile Include="..\..\..\..\..\..\..\..\of_v0.9.8_vs_release\addons\ofxOsc\libs\oscpack\src\osc\OscOutboundPacketStream.cpp">
      <Filter>addons\ofxOsc\libs\oscpack\src\osc</Filter>
    </ClCompile>
    <ClCompile Include="..\..\..\..\..\..\..\..\of_v0.9.8_vs_release\addons\ofxOsc\libs\oscpack\src\osc\OscPrintReceivedElements.cpp">
      <Filter>addons\ofxOsc\libs\oscpack\src\osc</Filter>
    </ClCompile>
    <ClCompile Include="..\..\..\..\..\..\..\..\of_v0.9.8_vs_release\addons\ofxOsc\libs\oscpack\src\osc\OscReceivedElements.cpp">
      <Filter>addons\ofxOsc\libs\oscpack\src\osc</Filter>
    </ClCompile>
    <ClCompile Include="..\..\..\..\..\..\..\..\of_v0.9.8_vs_release\addons\ofxOsc\libs\oscpack\src\osc\OscTypes.cpp">
      <Filter>addons\ofxOsc\libs\oscpack\src\osc</Filter>
    </ClCompile>
    <ClCompile Include="..\..\..\..\..\..\..\..\of_v0.9.8_vs_release\addons\ofxTweenzor\src\Tween.cpp">
      <Filter>addons\ofxTweenzor\src</Filter>
    </ClCompile>
    <ClCompile Include="..\..\..\..\..\..\..\..\of_v0.9.8_vs_release\addons\ofxTweenzor\src\Tweenzor.cpp">
      <Filter>addons\ofxTweenzor\src</Filter>
    </ClCompile>
    <ClCompile Include="src\Light.cpp">
      <Filter>src</Filter>
    </ClCompile>
    <ClCompile Include="src\LightMode.cpp">
      <Filter>src</Filter>
    </ClCompile>
    <ClCompile Include="src\LightModeDisco.cpp">
      <Filter>src</Filter>
    </ClCompile>
    <ClCompile Include="src\data\Model.cpp">
      <Filter>src\data</Filter>
    </ClCompile>
    <ClCompile Include="src\LightCircle.cpp">
      <Filter>src</Filter>
    </ClCompile>
    <ClCompile Include="src\LightCircleAssistant.cpp">
      <Filter>src</Filter>
    </ClCompile>
    <ClCompile Include="src\LightModeCat.cpp">
      <Filter>src</Filter>
    </ClCompile>
    <ClCompile Include="src\LightModeLight.cpp">
      <Filter>src</Filter>
    </ClCompile>
    <ClCompile Include="..\..\..\..\..\..\..\..\of_v0.9.8_vs_release\addons\ofxBeat\src\fft.cpp">
      <Filter>addons\ofxBeat\src</Filter>
    </ClCompile>
    <ClCompile Include="..\..\..\..\..\..\..\..\of_v0.9.8_vs_release\addons\ofxBeat\src\ofxBeat.cpp">
      <Filter>addons\ofxBeat\src</Filter>
    </ClCompile>
  </ItemGroup>
  <ItemGroup>
    <Filter Include="src">
      <UniqueIdentifier>{d8376475-7454-4a24-b08a-aac121d3ad6f}</UniqueIdentifier>
    </Filter>
    <Filter Include="addons">
      <UniqueIdentifier>{71834F65-F3A9-211E-73B8-DC85}</UniqueIdentifier>
    </Filter>
    <Filter Include="addons\ofxOsc">
      <UniqueIdentifier>{D91DCA33-6E5D-4481-2AEC-9FBB}</UniqueIdentifier>
    </Filter>
    <Filter Include="addons\ofxOsc\src">
      <UniqueIdentifier>{B9DD339A-D93D-92A1-0A2F-4B41}</UniqueIdentifier>
    </Filter>
    <Filter Include="addons\ofxOsc\libs">
      <UniqueIdentifier>{99ECA1D9-873F-4622-8FC0-FC7B}</UniqueIdentifier>
    </Filter>
    <Filter Include="addons\ofxOsc\libs\oscpack">
      <UniqueIdentifier>{D3A98534-1602-4FEF-57A6-6593}</UniqueIdentifier>
    </Filter>
    <Filter Include="addons\ofxOsc\libs\oscpack\src">
      <UniqueIdentifier>{BFB5BB47-98C8-BBCB-3066-1046}</UniqueIdentifier>
    </Filter>
    <Filter Include="addons\ofxOsc\libs\oscpack\src\ip">
      <UniqueIdentifier>{5A029128-EB41-95C5-CBC0-CDED}</UniqueIdentifier>
    </Filter>
    <Filter Include="addons\ofxOsc\libs\oscpack\src\ip\win32">
      <UniqueIdentifier>{79DFDFE2-400B-8654-3675-01A3}</UniqueIdentifier>
    </Filter>
    <Filter Include="addons\ofxOsc\libs\oscpack\src\osc">
      <UniqueIdentifier>{EDACB89C-9768-9551-4D41-B590}</UniqueIdentifier>
    </Filter>
    <Filter Include="addons\ofxTweenzor">
      <UniqueIdentifier>{01C39FF4-5B53-3070-C89A-1750}</UniqueIdentifier>
    </Filter>
    <Filter Include="addons\ofxTweenzor\src">
      <UniqueIdentifier>{5D58D81D-C685-E91E-0E62-80F4}</UniqueIdentifier>
    </Filter>
    <Filter Include="src\data">
      <UniqueIdentifier>{c00661e3-357e-4ff6-abc5-abadd2ab5e4e}</UniqueIdentifier>
    </Filter>
    <Filter Include="addons\ofxBeat">
      <UniqueIdentifier>{228cc487-0e5f-4264-9507-71f4a89825d0}</UniqueIdentifier>
    </Filter>
    <Filter Include="addons\ofxBeat\src">
      <UniqueIdentifier>{5b4ecd62-113b-4d59-bc4e-b46de838ec7a}</UniqueIdentifier>
    </Filter>
  </ItemGroup>
  <ItemGroup>
    <ClInclude Include="src\ofApp.h">
      <Filter>src</Filter>
    </ClInclude>
    <ClInclude Include="..\..\..\..\..\..\..\..\of_v0.9.8_vs_release\addons\ofxOsc\src\ofxOsc.h">
      <Filter>addons\ofxOsc\src</Filter>
    </ClInclude>
    <ClInclude Include="..\..\..\..\..\..\..\..\of_v0.9.8_vs_release\addons\ofxOsc\src\ofxOscArg.h">
      <Filter>addons\ofxOsc\src</Filter>
    </ClInclude>
    <ClInclude Include="..\..\..\..\..\..\..\..\of_v0.9.8_vs_release\addons\ofxOsc\src\ofxOscBundle.h">
      <Filter>addons\ofxOsc\src</Filter>
    </ClInclude>
    <ClInclude Include="..\..\..\..\..\..\..\..\of_v0.9.8_vs_release\addons\ofxOsc\src\ofxOscMessage.h">
      <Filter>addons\ofxOsc\src</Filter>
    </ClInclude>
    <ClInclude Include="..\..\..\..\..\..\..\..\of_v0.9.8_vs_release\addons\ofxOsc\src\ofxOscParameterSync.h">
      <Filter>addons\ofxOsc\src</Filter>
    </ClInclude>
    <ClInclude Include="..\..\..\..\..\..\..\..\of_v0.9.8_vs_release\addons\ofxOsc\src\ofxOscReceiver.h">
      <Filter>addons\ofxOsc\src</Filter>
    </ClInclude>
    <ClInclude Include="..\..\..\..\..\..\..\..\of_v0.9.8_vs_release\addons\ofxOsc\src\ofxOscSender.h">
      <Filter>addons\ofxOsc\src</Filter>
    </ClInclude>
    <ClInclude Include="..\..\..\..\..\..\..\..\of_v0.9.8_vs_release\addons\ofxOsc\libs\oscpack\src\ip\IpEndpointName.h">
      <Filter>addons\ofxOsc\libs\oscpack\src\ip</Filter>
    </ClInclude>
    <ClInclude Include="..\..\..\..\..\..\..\..\of_v0.9.8_vs_release\addons\ofxOsc\libs\oscpack\src\ip\NetworkingUtils.h">
      <Filter>addons\ofxOsc\libs\oscpack\src\ip</Filter>
    </ClInclude>
    <ClInclude Include="..\..\..\..\..\..\..\..\of_v0.9.8_vs_release\addons\ofxOsc\libs\oscpack\src\ip\PacketListener.h">
      <Filter>addons\ofxOsc\libs\oscpack\src\ip</Filter>
    </ClInclude>
    <ClInclude Include="..\..\..\..\..\..\..\..\of_v0.9.8_vs_release\addons\ofxOsc\libs\oscpack\src\ip\TimerListener.h">
      <Filter>addons\ofxOsc\libs\oscpack\src\ip</Filter>
    </ClInclude>
    <ClInclude Include="..\..\..\..\..\..\..\..\of_v0.9.8_vs_release\addons\ofxOsc\libs\oscpack\src\ip\UdpSocket.h">
      <Filter>addons\ofxOsc\libs\oscpack\src\ip</Filter>
    </ClInclude>
    <ClInclude Include="..\..\..\..\..\..\..\..\of_v0.9.8_vs_release\addons\ofxOsc\libs\oscpack\src\osc\MessageMappingOscPacketListener.h">
      <Filter>addons\ofxOsc\libs\oscpack\src\osc</Filter>
    </ClInclude>
    <ClInclude Include="..\..\..\..\..\..\..\..\of_v0.9.8_vs_release\addons\ofxOsc\libs\oscpack\src\osc\OscException.h">
      <Filter>addons\ofxOsc\libs\oscpack\src\osc</Filter>
    </ClInclude>
    <ClInclude Include="..\..\..\..\..\..\..\..\of_v0.9.8_vs_release\addons\ofxOsc\libs\oscpack\src\osc\OscHostEndianness.h">
      <Filter>addons\ofxOsc\libs\oscpack\src\osc</Filter>
    </ClInclude>
    <ClInclude Include="..\..\..\..\..\..\..\..\of_v0.9.8_vs_release\addons\ofxOsc\libs\oscpack\src\osc\OscOutboundPacketStream.h">
      <Filter>addons\ofxOsc\libs\oscpack\src\osc</Filter>
    </ClInclude>
    <ClInclude Include="..\..\..\..\..\..\..\..\of_v0.9.8_vs_release\addons\ofxOsc\libs\oscpack\src\osc\OscPacketListener.h">
      <Filter>addons\ofxOsc\libs\oscpack\src\osc</Filter>
    </ClInclude>
    <ClInclude Include="..\..\..\..\..\..\..\..\of_v0.9.8_vs_release\addons\ofxOsc\libs\oscpack\src\osc\OscPrintReceivedElements.h">
      <Filter>addons\ofxOsc\libs\oscpack\src\osc</Filter>
    </ClInclude>
    <ClInclude Include="..\..\..\..\..\..\..\..\of_v0.9.8_vs_release\addons\ofxOsc\libs\oscpack\src\osc\OscReceivedElements.h">
      <Filter>addons\ofxOsc\libs\oscpack\src\osc</Filter>
    </ClInclude>
    <ClInclude Include="..\..\..\..\..\..\..\..\of_v0.9.8_vs_release\addons\ofxOsc\libs\oscpack\src\osc\OscTypes.h">
      <Filter>addons\ofxOsc\libs\oscpack\src\osc</Filter>
    </ClInclude>
    <ClInclude Include="..\..\..\..\..\..\..\..\of_v0.9.8_vs_release\addons\ofxTweenzor\src\ofxTweenzor.h">
      <Filter>addons\ofxTweenzor\src</Filter>
    </ClInclude>
    <ClInclude Include="..\..\..\..\..\..\..\..\of_v0.9.8_vs_release\addons\ofxTweenzor\src\Tween.h">
      <Filter>addons\ofxTweenzor\src</Filter>
    </ClInclude>
    <ClInclude Include="..\..\..\..\..\..\..\..\of_v0.9.8_vs_release\addons\ofxTweenzor\src\TweenEvent.h">
      <Filter>addons\ofxTweenzor\src</Filter>
    </ClInclude>
    <ClInclude Include="..\..\..\..\..\..\..\..\of_v0.9.8_vs_release\addons\ofxTweenzor\src\TweenFunctions.h">
      <Filter>addons\ofxTweenzor\src</Filter>
    </ClInclude>
    <ClInclude Include="..\..\..\..\..\..\..\..\of_v0.9.8_vs_release\addons\ofxTweenzor\src\TweenSelector.h">
      <Filter>addons\ofxTweenzor\src</Filter>
    </ClInclude>
    <ClInclude Include="..\..\..\..\..\..\..\..\of_v0.9.8_vs_release\addons\ofxTweenzor\src\Tweenzor.h">
      <Filter>addons\ofxTweenzor\src</Filter>
    </ClInclude>
    <ClInclude Include="src\Light.h">
      <Filter>src</Filter>
    </ClInclude>
    <ClInclude Include="src\LightMode.h">
      <Filter>src</Filter>
    </ClInclude>
    <ClInclude Include="src\LightModeDisco.h">
      <Filter>src</Filter>
    </ClInclude>
    <ClInclude Include="src\data\Model.h">
      <Filter>src\data</Filter>
    </ClInclude>
    <ClInclude Include="src\LightCircle.h">
      <Filter>src</Filter>
    </ClInclude>
    <ClInclude Include="src\LightCircleAssistant.h">
      <Filter>src</Filter>
    </ClInclude>
    <ClInclude Include="src\LightModeCat.h">
      <Filter>src</Filter>
    </ClInclude>
    <ClInclude Include="src\LightModeLight.h">
      <Filter>src</Filter>
    </ClInclude>
    <ClInclude Include="..\..\..\..\..\..\..\..\of_v0.9.8_vs_release\addons\ofxBeat\src\fft.h">
      <Filter>addons\ofxBeat\src</Filter>
    </ClInclude>
    <ClInclude Include="..\..\..\..\..\..\..\..\of_v0.9.8_vs_release\addons\ofxBeat\src\ofxBeat.h">
      <Filter>addons\ofxBeat\src</Filter>
    </ClInclude>
  </ItemGroup>
  <ItemGroup>
    <ResourceCompile Include="icon.rc" />
  </ItemGroup>
</Project>