<?xml version="1.0" encoding="utf-8"?>
<Project ToolsVersion="4.0" xmlns="http://schemas.microsoft.com/developer/msbuild/2003">
  <ItemGroup>
    <ClCompile Include="..\..\..\..\of_v0.9.8_vs_release\addons\ofxOsc\src\ofxOscBundle.cpp">
      <Filter>addons\ofxOsc\src</Filter>
    </ClCompile>
    <ClCompile Include="..\..\..\..\of_v0.9.8_vs_release\addons\ofxOsc\src\ofxOscMessage.cpp">
      <Filter>addons\ofxOsc\src</Filter>
    </ClCompile>
    <ClCompile Include="..\..\..\..\of_v0.9.8_vs_release\addons\ofxOsc\src\ofxOscParameterSync.cpp">
      <Filter>addons\ofxOsc\src</Filter>
    </ClCompile>
    <ClCompile Include="..\..\..\..\of_v0.9.8_vs_release\addons\ofxOsc\src\ofxOscReceiver.cpp">
      <Filter>addons\ofxOsc\src</Filter>
    </ClCompile>
    <ClCompile Include="..\..\..\..\of_v0.9.8_vs_release\addons\ofxOsc\src\ofxOscSender.cpp">
      <Filter>addons\ofxOsc\src</Filter>
    </ClCompile>
    <ClCompile Include="..\..\..\..\of_v0.9.8_vs_release\addons\ofxOsc\libs\oscpack\src\ip\IpEndpointName.cpp">
      <Filter>addons\ofxOsc\libs\oscpack\src\ip</Filter>
    </ClCompile>
    <ClCompile Include="..\..\..\..\of_v0.9.8_vs_release\addons\ofxOsc\libs\oscpack\src\ip\win32\NetworkingUtils.cpp">
      <Filter>addons\ofxOsc\libs\oscpack\src\ip\win32</Filter>
    </ClCompile>
    <ClCompile Include="..\..\..\..\of_v0.9.8_vs_release\addons\ofxOsc\libs\oscpack\src\ip\win32\UdpSocket.cpp">
      <Filter>addons\ofxOsc\libs\oscpack\src\ip\win32</Filter>
    </ClCompile>
    <ClCompile Include="..\..\..\..\of_v0.9.8_vs_release\addons\ofxOsc\libs\oscpack\src\osc\OscOutboundPacketStream.cpp">
      <Filter>addons\ofxOsc\libs\oscpack\src\osc</Filter>
    </ClCompile>
    <ClCompile Include="..\..\..\..\of_v0.9.8_vs_release\addons\ofxOsc\libs\oscpack\src\osc\OscPrintReceivedElements.cpp">
      <Filter>addons\ofxOsc\libs\oscpack\src\osc</Filter>
    </ClCompile>
    <ClCompile Include="..\..\..\..\of_v0.9.8_vs_release\addons\ofxOsc\libs\oscpack\src\osc\OscReceivedElements.cpp">
      <Filter>addons\ofxOsc\libs\oscpack\src\osc</Filter>
    </ClCompile>
    <ClCompile Include="..\..\..\..\of_v0.9.8_vs_release\addons\ofxOsc\libs\oscpack\src\osc\OscTypes.cpp">
      <Filter>addons\ofxOsc\libs\oscpack\src\osc</Filter>
    </ClCompile>
    <ClCompile Include="..\src\Light.cpp">
      <Filter>src</Filter>
    </ClCompile>
    <ClCompile Include="..\src\LightCircle.cpp">
      <Filter>src</Filter>
    </ClCompile>
    <ClCompile Include="..\src\LightCircleAssistant.cpp">
      <Filter>src</Filter>
    </ClCompile>
    <ClCompile Include="..\src\LightCircleTrail.cpp">
      <Filter>src</Filter>
    </ClCompile>
    <ClCompile Include="..\src\LightMode.cpp">
      <Filter>src</Filter>
    </ClCompile>
    <ClCompile Include="..\src\LightModeCat.cpp">
      <Filter>src</Filter>
    </ClCompile>
    <ClCompile Include="..\src\LightModeDisco.cpp">
      <Filter>src</Filter>
    </ClCompile>
    <ClCompile Include="..\src\LightModeLight.cpp">
      <Filter>src</Filter>
    </ClCompile>
    <ClCompile Include="..\src\LightModeOpArt.cpp">
      <Filter>src</Filter>
    </ClCompile>
    <ClCompile Include="..\src\LightModeStory.cpp">
      <Filter>src</Filter>
    </ClCompile>
    <ClCompile Include="..\src\main.cpp">
      <Filter>src</Filter>
    </ClCompile>
    <ClCompile Include="..\src\ofApp.cpp">
      <Filter>src</Filter>
    </ClCompile>
    <ClCompile Include="..\src\data\Model.cpp">
      <Filter>src\data</Filter>
    </ClCompile>
    <ClCompile Include="..\src\ofxTweenzor\src\Tween.cpp">
      <Filter>src\ofxTweenzor</Filter>
    </ClCompile>
    <ClCompile Include="..\src\ofxTweenzor\src\Tweenzor.cpp">
      <Filter>src\ofxTweenzor</Filter>
    </ClCompile>
    <ClCompile Include="..\src\LightModeRainbow.cpp">
      <Filter>src</Filter>
    </ClCompile>
    <ClCompile Include="..\src\ofxBeat\src\fft.cpp">
      <Filter>src\ofxBeat\src</Filter>
    </ClCompile>
    <ClCompile Include="..\src\ofxBeat\src\ofxBeat.cpp">
      <Filter>src\ofxBeat\src</Filter>
    </ClCompile>
    <ClCompile Include="..\src\LightRect.cpp">
      <Filter>src</Filter>
    </ClCompile>
    <ClCompile Include="..\src\LightRectAssistant.cpp">
      <Filter>src</Filter>
    </ClCompile>
    <ClCompile Include="..\src\LightModeNLights.cpp">
      <Filter>src</Filter>
    </ClCompile>
    <ClCompile Include="..\..\..\..\of_v0.9.8_vs_release\addons\ofxXmlSettings\libs\tinyxml.cpp">
      <Filter>addons\ofxXmlSettings\libs</Filter>
    </ClCompile>
    <ClCompile Include="..\..\..\..\of_v0.9.8_vs_release\addons\ofxXmlSettings\libs\tinyxmlerror.cpp">
      <Filter>addons\ofxXmlSettings\libs</Filter>
    </ClCompile>
    <ClCompile Include="..\..\..\..\of_v0.9.8_vs_release\addons\ofxXmlSettings\libs\tinyxmlparser.cpp">
      <Filter>addons\ofxXmlSettings\libs</Filter>
    </ClCompile>
    <ClCompile Include="..\..\..\..\of_v0.9.8_vs_release\addons\ofxXmlSettings\src\ofxXmlSettings.cpp">
      <Filter>addons\ofxXmlSettings\src</Filter>
    </ClCompile>
    <ClCompile Include="..\src\LightModeRobot.cpp">
      <Filter>src</Filter>
    </ClCompile>
    <ClCompile Include="..\src\ofxBlurShader\src\ofxBlurShader.cpp">
      <Filter>src\ofxBlurShader\src</Filter>
    </ClCompile>
    <ClCompile Include="..\src\LightModeScanner.cpp">
      <Filter>src</Filter>
    </ClCompile>
    <ClCompile Include="..\src\LightModeEt.cpp">
      <Filter>src</Filter>
    </ClCompile>
    <ClCompile Include="..\src\LightModeSpotLight.cpp">
      <Filter>src</Filter>
    </ClCompile>
    <ClCompile Include="..\src\ETRing.cpp">
      <Filter>src</Filter>
    </ClCompile>
    <ClCompile Include="..\src\LightModeSpaceship.cpp">
      <Filter>src</Filter>
    </ClCompile>
    <ClCompile Include="..\src\LightModeFireFly.cpp">
      <Filter>src</Filter>
    </ClCompile>
    <ClCompile Include="..\src\LightModeLaser.cpp">
      <Filter>src</Filter>
    </ClCompile>
  </ItemGroup>
  <ItemGroup>
    <Filter Include="src">
      <UniqueIdentifier>{d8376475-7454-4a24-b08a-aac121d3ad6f}</UniqueIdentifier>
    </Filter>
    <Filter Include="addons">
      <UniqueIdentifier>{71834F65-F3A9-211E-73B8-DC85}</UniqueIdentifier>
    </Filter>
    <Filter Include="addons\ofxOsc">
      <UniqueIdentifier>{D91DCA33-6E5D-4481-2AEC-9FBB}</UniqueIdentifier>
    </Filter>
    <Filter Include="addons\ofxOsc\src">
      <UniqueIdentifier>{B9DD339A-D93D-92A1-0A2F-4B41}</UniqueIdentifier>
    </Filter>
    <Filter Include="addons\ofxOsc\libs">
      <UniqueIdentifier>{99ECA1D9-873F-4622-8FC0-FC7B}</UniqueIdentifier>
    </Filter>
    <Filter Include="addons\ofxOsc\libs\oscpack">
      <UniqueIdentifier>{D3A98534-1602-4FEF-57A6-6593}</UniqueIdentifier>
    </Filter>
    <Filter Include="addons\ofxOsc\libs\oscpack\src">
      <UniqueIdentifier>{BFB5BB47-98C8-BBCB-3066-1046}</UniqueIdentifier>
    </Filter>
    <Filter Include="addons\ofxOsc\libs\oscpack\src\ip">
      <UniqueIdentifier>{5A029128-EB41-95C5-CBC0-CDED}</UniqueIdentifier>
    </Filter>
    <Filter Include="addons\ofxOsc\libs\oscpack\src\ip\win32">
      <UniqueIdentifier>{79DFDFE2-400B-8654-3675-01A3}</UniqueIdentifier>
    </Filter>
    <Filter Include="addons\ofxOsc\libs\oscpack\src\osc">
      <UniqueIdentifier>{EDACB89C-9768-9551-4D41-B590}</UniqueIdentifier>
    </Filter>
    <Filter Include="src\ofxTweenzor">
      <UniqueIdentifier>{a074e49c-e779-4935-a40e-93d5a61b873f}</UniqueIdentifier>
    </Filter>
    <Filter Include="src\data">
      <UniqueIdentifier>{4a4562e2-4320-46d0-9e9d-a1b7b6f20cdf}</UniqueIdentifier>
    </Filter>
    <Filter Include="src\ofxBeat">
      <UniqueIdentifier>{eb17e2f7-8f59-4140-bb4e-1b8a95017034}</UniqueIdentifier>
    </Filter>
    <Filter Include="src\ofxBeat\src">
      <UniqueIdentifier>{208f95ac-7941-4271-9549-d915be9ac824}</UniqueIdentifier>
    </Filter>
    <Filter Include="addons\ofxXmlSettings">
      <UniqueIdentifier>{b2dfb704-7699-4333-860b-e8c5d29d6a8c}</UniqueIdentifier>
    </Filter>
    <Filter Include="addons\ofxXmlSettings\src">
      <UniqueIdentifier>{8d3f2542-6cc0-493d-8e3e-0f07f90514cc}</UniqueIdentifier>
    </Filter>
    <Filter Include="addons\ofxXmlSettings\libs">
      <UniqueIdentifier>{890ba9fa-1f77-4248-b358-621bfb7db13c}</UniqueIdentifier>
    </Filter>
    <Filter Include="src\ofxBlurShader">
      <UniqueIdentifier>{eae95b00-0dff-4d3d-a540-c3ed7d34ce14}</UniqueIdentifier>
    </Filter>
    <Filter Include="src\ofxBlurShader\src">
      <UniqueIdentifier>{42cf81d5-cc6c-4c6f-a6a5-78902bfb9272}</UniqueIdentifier>
    </Filter>
  </ItemGroup>
  <ItemGroup>
    <ClInclude Include="..\..\..\..\of_v0.9.8_vs_release\addons\ofxOsc\src\ofxOsc.h">
      <Filter>addons\ofxOsc\src</Filter>
    </ClInclude>
    <ClInclude Include="..\..\..\..\of_v0.9.8_vs_release\addons\ofxOsc\src\ofxOscArg.h">
      <Filter>addons\ofxOsc\src</Filter>
    </ClInclude>
    <ClInclude Include="..\..\..\..\of_v0.9.8_vs_release\addons\ofxOsc\src\ofxOscBundle.h">
      <Filter>addons\ofxOsc\src</Filter>
    </ClInclude>
    <ClInclude Include="..\..\..\..\of_v0.9.8_vs_release\addons\ofxOsc\src\ofxOscMessage.h">
      <Filter>addons\ofxOsc\src</Filter>
    </ClInclude>
    <ClInclude Include="..\..\..\..\of_v0.9.8_vs_release\addons\ofxOsc\src\ofxOscParameterSync.h">
      <Filter>addons\ofxOsc\src</Filter>
    </ClInclude>
    <ClInclude Include="..\..\..\..\of_v0.9.8_vs_release\addons\ofxOsc\src\ofxOscReceiver.h">
      <Filter>addons\ofxOsc\src</Filter>
    </ClInclude>
    <ClInclude Include="..\..\..\..\of_v0.9.8_vs_release\addons\ofxOsc\src\ofxOscSender.h">
      <Filter>addons\ofxOsc\src</Filter>
    </ClInclude>
    <ClInclude Include="..\..\..\..\of_v0.9.8_vs_release\addons\ofxOsc\libs\oscpack\src\ip\IpEndpointName.h">
      <Filter>addons\ofxOsc\libs\oscpack\src\ip</Filter>
    </ClInclude>
    <ClInclude Include="..\..\..\..\of_v0.9.8_vs_release\addons\ofxOsc\libs\oscpack\src\ip\NetworkingUtils.h">
      <Filter>addons\ofxOsc\libs\oscpack\src\ip</Filter>
    </ClInclude>
    <ClInclude Include="..\..\..\..\of_v0.9.8_vs_release\addons\ofxOsc\libs\oscpack\src\ip\PacketListener.h">
      <Filter>addons\ofxOsc\libs\oscpack\src\ip</Filter>
    </ClInclude>
    <ClInclude Include="..\..\..\..\of_v0.9.8_vs_release\addons\ofxOsc\libs\oscpack\src\ip\TimerListener.h">
      <Filter>addons\ofxOsc\libs\oscpack\src\ip</Filter>
    </ClInclude>
    <ClInclude Include="..\..\..\..\of_v0.9.8_vs_release\addons\ofxOsc\libs\oscpack\src\ip\UdpSocket.h">
      <Filter>addons\ofxOsc\libs\oscpack\src\ip</Filter>
    </ClInclude>
    <ClInclude Include="..\..\..\..\of_v0.9.8_vs_release\addons\ofxOsc\libs\oscpack\src\osc\MessageMappingOscPacketListener.h">
      <Filter>addons\ofxOsc\libs\oscpack\src\osc</Filter>
    </ClInclude>
    <ClInclude Include="..\..\..\..\of_v0.9.8_vs_release\addons\ofxOsc\libs\oscpack\src\osc\OscException.h">
      <Filter>addons\ofxOsc\libs\oscpack\src\osc</Filter>
    </ClInclude>
    <ClInclude Include="..\..\..\..\of_v0.9.8_vs_release\addons\ofxOsc\libs\oscpack\src\osc\OscHostEndianness.h">
      <Filter>addons\ofxOsc\libs\oscpack\src\osc</Filter>
    </ClInclude>
    <ClInclude Include="..\..\..\..\of_v0.9.8_vs_release\addons\ofxOsc\libs\oscpack\src\osc\OscOutboundPacketStream.h">
      <Filter>addons\ofxOsc\libs\oscpack\src\osc</Filter>
    </ClInclude>
    <ClInclude Include="..\..\..\..\of_v0.9.8_vs_release\addons\ofxOsc\libs\oscpack\src\osc\OscPacketListener.h">
      <Filter>addons\ofxOsc\libs\oscpack\src\osc</Filter>
    </ClInclude>
    <ClInclude Include="..\..\..\..\of_v0.9.8_vs_release\addons\ofxOsc\libs\oscpack\src\osc\OscPrintReceivedElements.h">
      <Filter>addons\ofxOsc\libs\oscpack\src\osc</Filter>
    </ClInclude>
    <ClInclude Include="..\..\..\..\of_v0.9.8_vs_release\addons\ofxOsc\libs\oscpack\src\osc\OscReceivedElements.h">
      <Filter>addons\ofxOsc\libs\oscpack\src\osc</Filter>
    </ClInclude>
    <ClInclude Include="..\..\..\..\of_v0.9.8_vs_release\addons\ofxOsc\libs\oscpack\src\osc\OscTypes.h">
      <Filter>addons\ofxOsc\libs\oscpack\src\osc</Filter>
    </ClInclude>
    <ClInclude Include="..\src\Light.h">
      <Filter>src</Filter>
    </ClInclude>
    <ClInclude Include="..\src\LightCircle.h">
      <Filter>src</Filter>
    </ClInclude>
    <ClInclude Include="..\src\LightCircleAssistant.h">
      <Filter>src</Filter>
    </ClInclude>
    <ClInclude Include="..\src\LightCircleTrail.h">
      <Filter>src</Filter>
    </ClInclude>
    <ClInclude Include="..\src\LightMode.h">
      <Filter>src</Filter>
    </ClInclude>
    <ClInclude Include="..\src\LightModeCat.h">
      <Filter>src</Filter>
    </ClInclude>
    <ClInclude Include="..\src\LightModeDisco.h">
      <Filter>src</Filter>
    </ClInclude>
    <ClInclude Include="..\src\LightModeLight.h">
      <Filter>src</Filter>
    </ClInclude>
    <ClInclude Include="..\src\LightModeOpArt.h">
      <Filter>src</Filter>
    </ClInclude>
    <ClInclude Include="..\src\LightModeStory.h">
      <Filter>src</Filter>
    </ClInclude>
    <ClInclude Include="..\src\ofApp.h">
      <Filter>src</Filter>
    </ClInclude>
    <ClInclude Include="..\src\data\Model.h">
      <Filter>src\data</Filter>
    </ClInclude>
    <ClInclude Include="..\src\ofxTweenzor\src\ofxTweenzor.h">
      <Filter>src\ofxTweenzor</Filter>
    </ClInclude>
    <ClInclude Include="..\src\ofxTweenzor\src\Tween.h">
      <Filter>src\ofxTweenzor</Filter>
    </ClInclude>
    <ClInclude Include="..\src\ofxTweenzor\src\TweenEvent.h">
      <Filter>src\ofxTweenzor</Filter>
    </ClInclude>
    <ClInclude Include="..\src\ofxTweenzor\src\TweenFunctions.h">
      <Filter>src\ofxTweenzor</Filter>
    </ClInclude>
    <ClInclude Include="..\src\ofxTweenzor\src\TweenSelector.h">
      <Filter>src\ofxTweenzor</Filter>
    </ClInclude>
    <ClInclude Include="..\src\ofxTweenzor\src\Tweenzor.h">
      <Filter>src\ofxTweenzor</Filter>
    </ClInclude>
    <ClInclude Include="..\src\LightModeRainbow.h">
      <Filter>src</Filter>
    </ClInclude>
    <ClInclude Include="..\src\ofxBeat\src\fft.h">
      <Filter>src\ofxBeat\src</Filter>
    </ClInclude>
    <ClInclude Include="..\src\ofxBeat\src\ofxBeat.h">
      <Filter>src\ofxBeat\src</Filter>
    </ClInclude>
    <ClInclude Include="..\src\LightRect.h">
      <Filter>src</Filter>
    </ClInclude>
    <ClInclude Include="..\src\LightRectAssistant.h">
      <Filter>src</Filter>
    </ClInclude>
    <ClInclude Include="..\src\LightModeNLights.h">
      <Filter>src</Filter>
    </ClInclude>
    <ClInclude Include="..\..\..\..\of_v0.9.8_vs_release\addons\ofxXmlSettings\libs\tinyxml.h">
      <Filter>addons\ofxXmlSettings\libs</Filter>
    </ClInclude>
    <ClInclude Include="..\..\..\..\of_v0.9.8_vs_release\addons\ofxXmlSettings\src\ofxXmlSettings.h">
      <Filter>addons\ofxXmlSettings\src</Filter>
    </ClInclude>
    <ClInclude Include="..\src\LightModeRobot.h">
      <Filter>src</Filter>
    </ClInclude>
    <ClInclude Include="..\src\ofxBlurShader\src\ofxBlurShader.h">
      <Filter>src\ofxBlurShader\src</Filter>
    </ClInclude>
    <ClInclude Include="..\src\LightModeScanner.h">
      <Filter>src</Filter>
    </ClInclude>
    <ClInclude Include="..\src\LightModeEt.h">
      <Filter>src</Filter>
    </ClInclude>
    <ClInclude Include="..\src\LightModeSpotlight.h">
      <Filter>src</Filter>
    </ClInclude>
    <ClInclude Include="..\src\ETRing.h">
      <Filter>src</Filter>
    </ClInclude>
    <ClInclude Include="..\src\LightModeSpaceship.h">
      <Filter>src</Filter>
    </ClInclude>
    <ClInclude Include="..\src\LightModeFireFly.h">
      <Filter>src</Filter>
    </ClInclude>
    <ClInclude Include="..\src\LightModeLaser.h">
      <Filter>src</Filter>
    </ClInclude>
  </ItemGroup>
  <ItemGroup>
    <ResourceCompile Include="icon.rc" />
  </ItemGroup>
</Project>